
Microsoft Visual Studio Solution File, Format Version 12.00
# Visual Studio Version 16
VisualStudioVersion = 16.0.29609.76
MinimumVisualStudioVersion = 10.0.40219.1
Project("{FAE04EC0-301F-11D3-BF4B-00C04F79EFBC}") = "Reverse string", "Reverse string\Reverse string.csproj", "{416A7ED5-A6AD-47AC-A10C-D15C639C8478}"
EndProject
Global
	GlobalSection(SolutionConfigurationPlatforms) = preSolution
		Debug|Any CPU = Debug|Any CPU
		Release|Any CPU = Release|Any CPU
	EndGlobalSection
	GlobalSection(ProjectConfigurationPlatforms) = postSolution
		{416A7ED5-A6AD-47AC-A10C-D15C639C8478}.Debug|Any CPU.ActiveCfg = Debug|Any CPU
		{416A7ED5-A6AD-47AC-A10C-D15C639C8478}.Debug|Any CPU.Build.0 = Debug|Any CPU
		{416A7ED5-A6AD-47AC-A10C-D15C639C8478}.Release|Any CPU.ActiveCfg = Release|Any CPU
		{416A7ED5-A6AD-47AC-A10C-D15C639C8478}.Release|Any CPU.Build.0 = Release|Any CPU
	EndGlobalSection
	GlobalSection(SolutionProperties) = preSolution
		HideSolutionNode = FALSE
	EndGlobalSection
	GlobalSection(ExtensibilityGlobals) = postSolution
		SolutionGuid = {9EA444AC-969B-4C57-B714-8C6C1A33C0AE}
	EndGlobalSection
EndGlobal
